
Microsoft Visual Studio Solution File, Format Version 12.00
# Visual Studio 15
VisualStudioVersion = 15.0.28010.2041
MinimumVisualStudioVersion = 10.0.40219.1
Project("{FAE04EC0-301F-11D3-BF4B-00C04F79EFBC}") = "SpiceAppRESTApi", "SpiceAppRESTApi\SpiceAppRESTApi.csproj", "{17580B0D-13FA-4282-9CFE-C8D33C209803}"
EndProject
Global
	GlobalSection(SolutionConfigurationPlatforms) = preSolution
		Debug|Any CPU = Debug|Any CPU
		Release|Any CPU = Release|Any CPU
	EndGlobalSection
	GlobalSection(ProjectConfigurationPlatforms) = postSolution
		{17580B0D-13FA-4282-9CFE-C8D33C209803}.Debug|Any CPU.ActiveCfg = Debug|Any CPU
		{17580B0D-13FA-4282-9CFE-C8D33C209803}.Debug|Any CPU.Build.0 = Debug|Any CPU
		{17580B0D-13FA-4282-9CFE-C8D33C209803}.Release|Any CPU.ActiveCfg = Release|Any CPU
		{17580B0D-13FA-4282-9CFE-C8D33C209803}.Release|Any CPU.Build.0 = Release|Any CPU
	EndGlobalSection
	GlobalSection(SolutionProperties) = preSolution
		HideSolutionNode = FALSE
	EndGlobalSection
	GlobalSection(ExtensibilityGlobals) = postSolution
		SolutionGuid = {48E9E2E8-61B5-43E6-9F97-B2818AF1A62F}
	EndGlobalSection
EndGlobal
